
Microsoft Visual Studio Solution File, Format Version 12.00
# Visual Studio Version 17
VisualStudioVersion = 17.0.32014.148
MinimumVisualStudioVersion = 10.0.40219.1
Project("{9A19103F-16F7-4668-BE54-9A1E7A4F7556}") = "Customer_System", "Atm Project\Customer_System.csproj", "{E9C099EE-94F2-4032-BD93-F90EF9DF2E5C}"
EndProject
Global
	GlobalSection(SolutionConfigurationPlatforms) = preSolution
		Debug|Any CPU = Debug|Any CPU
		Release|Any CPU = Release|Any CPU
	EndGlobalSection
	GlobalSection(ProjectConfigurationPlatforms) = postSolution
		{E9C099EE-94F2-4032-BD93-F90EF9DF2E5C}.Debug|Any CPU.ActiveCfg = Debug|Any CPU
		{E9C099EE-94F2-4032-BD93-F90EF9DF2E5C}.Debug|Any CPU.Build.0 = Debug|Any CPU
		{E9C099EE-94F2-4032-BD93-F90EF9DF2E5C}.Release|Any CPU.ActiveCfg = Release|Any CPU
		{E9C099EE-94F2-4032-BD93-F90EF9DF2E5C}.Release|Any CPU.Build.0 = Release|Any CPU
	EndGlobalSection
	GlobalSection(SolutionProperties) = preSolution
		HideSolutionNode = FALSE
	EndGlobalSection
	GlobalSection(ExtensibilityGlobals) = postSolution
		SolutionGuid = {F3988605-BE1A-442F-B5ED-1BF14E8BA4CF}
	EndGlobalSection
EndGlobal
